lockfileVersion: 5.4

specifiers:
  '@pokt-foundation/node-nanny-core': workspace:latest
  '@types/ioredis': ^4.28.8
  ioredis: ^4.28.1

dependencies:
  '@pokt-foundation/node-nanny-core': link:../core
  ioredis: 4.28.5

devDependencies:
  '@types/ioredis': 4.28.10

dependenciesMeta:
  '@pokt-foundation/node-nanny-core':
    injected: true

packages:

  /@types/ioredis/4.28.10:
    resolution: {integrity: sha512-69LyhUgrXdgcNDv7ogs1qXZomnfOEnSmrmMFqKgt1XMJxmoOSG/u3wYy13yACIfKuMJ8IhKgHafDO3sx19zVQQ==}
    dependencies:
      '@types/node': 17.0.38
    dev: true

  /@types/node/17.0.38:
    resolution: {integrity: sha512-5jY9RhV7c0Z4Jy09G+NIDTsCZ5G0L5n+Z+p+Y7t5VJHM30bgwzSjVtlcBxqAj+6L/swIlvtOSzr8rBk/aNyV2g==}
    dev: true

  /cluster-key-slot/1.1.0:
    resolution: {integrity: sha512-2Nii8p3RwAPiFwsnZvukotvow2rIHM+yQ6ZcBXGHdniadkYGZYiGmkHJIbZPIV9nfv7m/U1IPMVVcAhoWFeklw==}
    engines: {node: '>=0.10.0'}
    dev: false

  /debug/4.3.4:
    resolution: {integrity: sha512-PRWFHuSU3eDtQJPvnNY7Jcket1j0t5OuOsFzPPzsekD52Zl8qUfFIPEiswXqIvHWGVHOgX+7G/vCNNhehwxfkQ==}
    engines: {node: '>=6.0'}
    peerDependencies:
      supports-color: '*'
    peerDependenciesMeta:
      supports-color:
        optional: true
    dependencies:
      ms: 2.1.2
    dev: false

  /denque/1.5.1:
    resolution: {integrity: sha512-XwE+iZ4D6ZUB7mfYRMb5wByE8L74HCn30FBN7sWnXksWc1LO1bPDl67pBR9o/kC4z/xSNAwkMYcGgqDV3BE3Hw==}
    engines: {node: '>=0.10'}
    dev: false

  /ioredis/4.28.5:
    resolution: {integrity: sha512-3GYo0GJtLqgNXj4YhrisLaNNvWSNwSS2wS4OELGfGxH8I69+XfNdnmV1AyN+ZqMh0i7eX+SWjrwFKDBDgfBC1A==}
    engines: {node: '>=6'}
    dependencies:
      cluster-key-slot: 1.1.0
      debug: 4.3.4
      denque: 1.5.1
      lodash.defaults: 4.2.0
      lodash.flatten: 4.4.0
      lodash.isarguments: 3.1.0
      p-map: 2.1.0
      redis-commands: 1.7.0
      redis-errors: 1.2.0
      redis-parser: 3.0.0
      standard-as-callback: 2.1.0
    transitivePeerDependencies:
      - supports-color
    dev: false

  /lodash.defaults/4.2.0:
    resolution: {integrity: sha512-qjxPLHd3r5DnsdGacqOMU6pb/avJzdh9tFX2ymgoZE27BmjXrNy/y4LoaiTeAb+O3gL8AfpJGtqfX/ae2leYYQ==}
    dev: false

  /lodash.flatten/4.4.0:
    resolution: {integrity: sha512-C5N2Z3DgnnKr0LOpv/hKCgKdb7ZZwafIrsesve6lmzvZIRZRGaZ/l6Q8+2W7NaT+ZwO3fFlSCzCzrDCFdJfZ4g==}
    dev: false

  /lodash.isarguments/3.1.0:
    resolution: {integrity: sha512-chi4NHZlZqZD18a0imDHnZPrDeBbTtVN7GXMwuGdRH9qotxAjYs3aVLKc7zNOG9eddR5Ksd8rvFEBc9SsggPpg==}
    dev: false

  /ms/2.1.2:
    resolution: {integrity: sha512-sGkPx+VjMtmA6MX27oA4FBFELFCZZ4S4XqeGOXCv68tT+jb3vk/RyaKWP0PTKyWtmLSM0b+adUTEvbs1PEaH2w==}
    dev: false

  /p-map/2.1.0:
    resolution: {integrity: sha512-y3b8Kpd8OAN444hxfBbFfj1FY/RjtTd8tzYwhUqNYXx0fXx2iX4maP4Qr6qhIKbQXI02wTLAda4fYUbDagTUFw==}
    engines: {node: '>=6'}
    dev: false

  /redis-commands/1.7.0:
    resolution: {integrity: sha512-nJWqw3bTFy21hX/CPKHth6sfhZbdiHP6bTawSgQBlKOVRG7EZkfHbbHwQJnrE4vsQf0CMNE+3gJ4Fmm16vdVlQ==}
    dev: false

  /redis-errors/1.2.0:
    resolution: {integrity: sha1-62LSrbFeTq9GEMBK/hUpOEJQq60=}
    engines: {node: '>=4'}
    dev: false

  /redis-parser/3.0.0:
    resolution: {integrity: sha1-tm2CjNyv5rS4pCin3vTGvKwxyLQ=}
    engines: {node: '>=4'}
    dependencies:
      redis-errors: 1.2.0
    dev: false

  /standard-as-callback/2.1.0:
    resolution: {integrity: sha512-qoRRSyROncaz1z0mvYqIE4lCd9p2R90i6GxW3uZv5ucSu8tU7B5HXUP1gG8pVZsYNVaXjk8ClXHPttLyxAL48A==}
    dev: false
